// !$*UTF8*$!
{
	archiveVersion = 1;
	classes = {
	};
	objectVersion = 46;
	objects = {

/* Begin PBXBuildFile section */
		2FEEDAE91C99870C006DFE02 /* main.swift in Sources */ = {isa = PBXBuildFile; fileRef = 2FEEDAE81C99870C006DFE02 /* main.swift */; };
		2FEEDAF61C998730006DFE02 /* TDD_Day2_HomeworkTests.swift in Sources */ = {isa = PBXBuildFile; fileRef = 2FEEDAF51C998730006DFE02 /* TDD_Day2_HomeworkTests.swift */; };
		2FEEDAFB1C99875B006DFE02 /* main.swift in Sources */ = {isa = PBXBuildFile; fileRef = 2FEEDAE81C99870C006DFE02 /* main.swift */; };
/* End PBXBuildFile section */

/* Begin PBXCopyFilesBuildPhase section */
		2FEEDAE31C99870C006DFE02 /* CopyFiles */ = {
			isa = PBXCopyFilesBuildPhase;
			buildActionMask = 2147483647;
			dstPath = /usr/share/man/man1/;
			dstSubfolderSpec = 0;
			files = (
			);
			runOnlyForDeploymentPostprocessing = 1;
		};
/* End PBXCopyFilesBuildPhase section */

/* Begin PBXFileReference section */
		2FEEDAE51C99870C006DFE02 /* TDD_Day2_Homework */ = {isa = PBXFileReference; explicitFileType = "compiled.mach-o.executable"; includeInIndex = 0; path = TDD_Day2_Homework; sourceTree = BUILT_PRODUCTS_DIR; };
		2FEEDAE81C99870C006DFE02 /* main.swift */ = {isa = PBXFileReference; lastKnownFileType = sourcecode.swift; path = main.swift; sourceTree = "<group>"; };
		2FEEDAF31C998730006DFE02 /* TDD_Day2_HomeworkTests.xctest */ = {isa = PBXFileReference; explicitFileType = wrapper.cfbundle; includeInIndex = 0; path = TDD_Day2_HomeworkTests.xctest; sourceTree = BUILT_PRODUCTS_DIR; };
		2FEEDAF51C998730006DFE02 /* TDD_Day2_HomeworkTests.swift */ = {isa = PBXFileReference; lastKnownFileType = sourcecode.swift; path = TDD_Day2_HomeworkTests.swift; sourceTree = "<group>"; };
		2FEEDAF71C998730006DFE02 /* Info.plist */ = {isa = PBXFileReference; lastKnownFileType = text.plist.xml; path = Info.plist; sourceTree = "<group>"; };
/* End PBXFileReference section */

/* Begin PBXFrameworksBuildPhase section */
		2FEEDAE21C99870C006DFE02 /* Frameworks */ = {
			isa = PBXFrameworksBuildPhase;
			buildActionMask = 2147483647;
			files = (
			);
			runOnlyForDeploymentPostprocessing = 0;
		};
		2FEEDAF01C998730006DFE02 /* Frameworks */ = {
			isa = PBXFrameworksBuildPhase;
			buildActionMask = 2147483647;
			files = (
			);
			runOnlyForDeploymentPostprocessing = 0;
		};
/* End PBXFrameworksBuildPhase section */

/* Begin PBXGroup section */
		2FEEDADC1C99870C006DFE02 = {
			isa = PBXGroup;
			children = (
				2FEEDAE71C99870C006DFE02 /* TDD_Day2_Homework */,
				2FEEDAF41C998730006DFE02 /* TDD_Day2_HomeworkTests */,
				2FEEDAE61C99870C006DFE02 /* Products */,
			);
			sourceTree = "<group>";
		};
		2FEEDAE61C99870C006DFE02 /* Products */ = {
			isa = PBXGroup;
			children = (
				2FEEDAE51C99870C006DFE02 /* TDD_Day2_Homework */,
				2FEEDAF31C998730006DFE02 /* TDD_Day2_HomeworkTests.xctest */,
			);
			name = Products;
			sourceTree = "<group>";
		};
		2FEEDAE71C99870C006DFE02 /* TDD_Day2_Homework */ = {
			isa = PBXGroup;
			children = (
				2FEEDAE81C99870C006DFE02 /* main.swift */,
			);
			path = TDD_Day2_Homework;
			sourceTree = "<group>";
		};
		2FEEDAF41C998730006DFE02 /* TDD_Day2_HomeworkTests */ = {
			isa = PBXGroup;
			children = (
				2FEEDAF51C998730006DFE02 /* TDD_Day2_HomeworkTests.swift */,
				2FEEDAF71C998730006DFE02 /* Info.plist */,
			);
			path = TDD_Day2_HomeworkTests;
			sourceTree = "<group>";
		};
/* End PBXGroup section */

/* Begin PBXNativeTarget section */
		2FEEDAE41C99870C006DFE02 /* TDD_Day2_Homework */ = {
			isa = PBXNativeTarget;
			buildConfigurationList = 2FEEDAEC1C99870C006DFE02 /* Build configuration list for PBXNativeTarget "TDD_Day2_Homework" */;
			buildPhases = (
				2FEEDAE11C99870C006DFE02 /* Sources */,
				2FEEDAE21C99870C006DFE02 /* Frameworks */,
				2FEEDAE31C99870C006DFE02 /* CopyFiles */,
			);
			buildRules = (
			);
			dependencies = (
			);
			name = TDD_Day2_Homework;
			productName = TDD_Day2_Homework;
			productReference = 2FEEDAE51C99870C006DFE02 /* TDD_Day2_Homework */;
			productType = "com.apple.product-type.tool";
		};
		2FEEDAF21C998730006DFE02 /* TDD_Day2_HomeworkTests */ = {
			isa = PBXNativeTarget;
			buildConfigurationList = 2FEEDAF81C998730006DFE02 /* Build configuration list for PBXNativeTarget "TDD_Day2_HomeworkTests" */;
			buildPhases = (
				2FEEDAEF1C998730006DFE02 /* Sources */,
				2FEEDAF01C998730006DFE02 /* Frameworks */,
				2FEEDAF11C998730006DFE02 /* Resources */,
			);
			buildRules = (
			);
			dependencies = (
			);
			name = TDD_Day2_HomeworkTests;
			productName = TDD_Day2_HomeworkTests;
			productReference = 2FEEDAF31C998730006DFE02 /* TDD_Day2_HomeworkTests.xctest */;
			productType = "com.apple.product-type.bundle.unit-test";
		};
/* End PBXNativeTarget section */

/* Begin PBXProject section */
		2FEEDADD1C99870C006DFE02 /* Project object */ = {
			isa = PBXProject;
			attributes = {
				LastSwiftUpdateCheck = 0720;
				LastUpgradeCheck = 0720;
				ORGANIZATIONNAME = Tyler;
				TargetAttributes = {
					2FEEDAE41C99870C006DFE02 = {
						CreatedOnToolsVersion = 7.2.1;
					};
					2FEEDAF21C998730006DFE02 = {
						CreatedOnToolsVersion = 7.2.1;
					};
				};
			};
			buildConfigurationList = 2FEEDAE01C99870C006DFE02 /* Build configuration list for PBXProject "TDD_Day2_Homework" */;
			compatibilityVersion = "Xcode 3.2";
			developmentRegion = English;
			hasScannedForEncodings = 0;
			knownRegions = (
				en,
			);
			mainGroup = 2FEEDADC1C99870C006DFE02;
			productRefGroup = 2FEEDAE61C99870C006DFE02 /* Products */;
			projectDirPath = "";
			projectRoot = "";
			targets = (
				2FEEDAE41C99870C006DFE02 /* TDD_Day2_Homework */,
				2FEEDAF21C998730006DFE02 /* TDD_Day2_HomeworkTests */,
			);
		};
/* End PBXProject section */

/* Begin PBXResourcesBuildPhase section */
		2FEEDAF11C998730006DFE02 /* Resources */ = {
			isa = PBXResourcesBuildPhase;
			buildActionMask = 2147483647;
			files = (
			);
			runOnlyForDeploymentPostprocessing = 0;
		};
/* End PBXResourcesBuildPhase section */

/* Begin PBXSourcesBuildPhase section */
		2FEEDAE11C99870C006DFE02 /* Sources */ = {
			isa = PBXSourcesBuildPhase;
			buildActionMask = 2147483647;
			files = (
				2FEEDAE91C99870C006DFE02 /* main.swift in Sources */,
			);
			runOnlyForDeploymentPostprocessing = 0;
		};
		2FEEDAEF1C998730006DFE02 /* Sources */ = {
			isa = PBXSourcesBuildPhase;
			buildActionMask = 2147483647;
			files = (
				2FEEDAFB1C99875B006DFE02 /* main.swift in Sources */,
				2FEEDAF61C998730006DFE02 /* TDD_Day2_HomeworkTests.swift in Sources */,
			);
			runOnlyForDeploymentPostprocessing = 0;
		};
/* End PBXSourcesBuildPhase section */

/* Begin XCBuildConfiguration section */
		2FEEDAEA1C99870C006DFE02 /* Debug */ = {
			isa = XCBuildConfiguration;
			buildSettings = {
				ALWAYS_SEARCH_USER_PATHS = NO;
				CLANG_CXX_LANGUAGE_STANDARD = "gnu++0x";
				CLANG_CXX_LIBRARY = "libc++";
				CLANG_ENABLE_MODULES = YES;
				CLANG_ENABLE_OBJC_ARC = YES;
				CLANG_WARN_BOOL_CONVERSION = YES;
				CLANG_WARN_CONSTANT_CONVERSION = YES;
				CLANG_WARN_DIRECT_OBJC_ISA_USAGE = YES_ERROR;
				CLANG_WARN_EMPTY_BODY = YES;
				CLANG_WARN_ENUM_CONVERSION = YES;
				CLANG_WARN_INT_CONVERSION = YES;
				CLANG_WARN_OBJC_ROOT_CLASS = YES_ERROR;
				CLANG_WARN_UNREACHABLE_CODE = YES;
				CLANG_WARN__DUPLICATE_METHOD_MATCH = YES;
				CODE_SIGN_IDENTITY = "-";
				COPY_PHASE_STRIP = NO;
				DEBUG_INFORMATION_FORMAT = dwarf;
				ENABLE_STRICT_OBJC_MSGSEND = YES;
				ENABLE_TESTABILITY = YES;
				GCC_C_LANGUAGE_STANDARD = gnu99;
				GCC_DYNAMIC_NO_PIC = NO;
				GCC_NO_COMMON_BLOCKS = YES;
				GCC_OPTIMIZATION_LEVEL = 0;
				GCC_PREPROCESSOR_DEFINITIONS = (
					"DEBUG=1",
					"$(inherited)",
				);
				GCC_WARN_64_TO_32_BIT_CONVERSION = YES;
				GCC_WARN_ABOUT_RETURN_TYPE = YES_ERROR;
				GCC_WARN_UNDECLARED_SELECTOR = YES;
				GCC_WARN_UNINITIALIZED_AUTOS = YES_AGGRESSIVE;
				GCC_WARN_UNUSED_FUNCTION = YES;
				GCC_WARN_UNUSED_VARIABLE = YES;
				MACOSX_DEPLOYMENT_TARGET = 10.11;
				MTL_ENABLE_DEBUG_INFO = YES;
				ONLY_ACTIVE_ARCH = YES;
				SDKROOT = macosx;
				SWIFT_OPTIMIZATION_LEVEL = "-Onone";
			};
			name = Debug;
		};
		2FEEDAEB1C99870C006DFE02 /* Release */ = {
			isa = XCBuildConfiguration;
			buildSettings = {
				ALWAYS_SEARCH_USER_PATHS = NO;
				CLANG_CXX_LANGUAGE_STANDARD = "gnu++0x";
				CLANG_CXX_LIBRARY = "libc++";
				CLANG_ENABLE_MODULES = YES;
				CLANG_ENABLE_OBJC_ARC = YES;
				CLANG_WARN_BOOL_CONVERSION = YES;
				CLANG_WARN_CONSTANT_CONVERSION = YES;
				CLANG_WARN_DIRECT_OBJC_ISA_USAGE = YES_ERROR;
				CLANG_WARN_EMPTY_BODY = YES;
				CLANG_WARN_ENUM_CONVERSION = YES;
				CLANG_WARN_INT_CONVERSION = YES;
				CLANG_WARN_OBJC_ROOT_CLASS = YES_ERROR;
				CLANG_WARN_UNREACHABLE_CODE = YES;
				CLANG_WARN__DUPLICATE_METHOD_MATCH = YES;
				CODE_SIGN_IDENTITY = "-";
				COPY_PHASE_STRIP = NO;
				DEBUG_INFORMATION_FORMAT = "dwarf-with-dsym";
				ENABLE_NS_ASSERTIONS = NO;
				ENABLE_STRICT_OBJC_MSGSEND = YES;
				GCC_C_LANGUAGE_STANDARD = gnu99;
				GCC_NO_COMMON_BLOCKS = YES;
				GCC_WARN_64_TO_32_BIT_CONVERSION = YES;
				GCC_WARN_ABOUT_RETURN_TYPE = YES_ERROR;
				GCC_WARN_UNDECLARED_SELECTOR = YES;
				GCC_WARN_UNINITIALIZED_AUTOS = YES_AGGRESSIVE;
				GCC_WARN_UNUSED_FUNCTION = YES;
				GCC_WARN_UNUSED_VARIABLE = YES;
				MACOSX_DEPLOYMENT_TARGET = 10.11;
				MTL_ENABLE_DEBUG_INFO = NO;
				SDKROOT = macosx;
			};
			name = Release;
		};
		2FEEDAED1C99870C006DFE02 /* Debug */ = {
			isa = XCBuildConfiguration;
			buildSettings = {
				PRODUCT_NAME = "$(TARGET_NAME)";
			};
			name = Debug;
		};
		2FEEDAEE1C99870C006DFE02 /* Release */ = {
			isa = XCBuildConfiguration;
			buildSettings = {
				PRODUCT_NAME = "$(TARGET_NAME)";
			};
			name = Release;
		};
		2FEEDAF91C998730006DFE02 /* Debug */ = {
			isa = XCBuildConfiguration;
			buildSettings = {
				COMBINE_HIDPI_IMAGES = YES;
				INFOPLIST_FILE = TDD_Day2_HomeworkTests/Info.plist;
				LD_RUNPATH_SEARCH_PATHS = "$(inherited) @executable_path/../Frameworks @loader_path/../Frameworks";
				PRODUCT_BUNDLE_IDENTIFIER = "com.apple.TDD-Day2-HomeworkTests";
				PRODUCT_NAME = "$(TARGET_NAME)";
			};
			name = Debug;
		};
		2FEEDAFA1C998730006DFE02 /* Release */ = {
			isa = XCBuildConfiguration;
			buildSettings = {
				COMBINE_HIDPI_IMAGES = YES;
				INFOPLIST_FILE = TDD_Day2_HomeworkTests/Info.plist;
				LD_RUNPATH_SEARCH_PATHS = "$(inherited) @executable_path/../Frameworks @loader_path/../Frameworks";
				PRODUCT_BUNDLE_IDENTIFIER = "com.apple.TDD-Day2-HomeworkTests";
				PRODUCT_NAME = "$(TARGET_NAME)";
			};
			name = Release;
		};
/* End XCBuildConfiguration section */

/* Begin XCConfigurationList section */
		2FEEDAE01C99870C006DFE02 /* Build configuration list for PBXProject "TDD_Day2_Homework" */ = {
			isa = XCConfigurationList;
			buildConfigurations = (
				2FEEDAEA1C99870C006DFE02 /* Debug */,
				2FEEDAEB1C99870C006DFE02 /* Release */,
			);
			defaultConfigurationIsVisible = 0;
			defaultConfigurationName = Release;
		};
		2FEEDAEC1C99870C006DFE02 /* Build configuration list for PBXNativeTarget "TDD_Day2_Homework" */ = {
			isa = XCConfigurationList;
			buildConfigurations = (
				2FEEDAED1C99870C006DFE02 /* Debug */,
				2FEEDAEE1C99870C006DFE02 /* Release */,
			);
			defaultConfigurationIsVisible = 0;
		};
		2FEEDAF81C998730006DFE02 /* Build configuration list for PBXNativeTarget "TDD_Day2_HomeworkTests" */ = {
			isa = XCConfigurationList;
			buildConfigurations = (
				2FEEDAF91C998730006DFE02 /* Debug */,
				2FEEDAFA1C998730006DFE02 /* Release */,
			);
			defaultConfigurationIsVisible = 0;
		};
/* End XCConfigurationList section */
	};
	rootObject = 2FEEDADD1C99870C006DFE02 /* Project object */;
}
